
Microsoft Visual Studio Solution File, Format Version 12.00
# Visual Studio Version 16
VisualStudioVersion = 16.0.31205.134
MinimumVisualStudioVersion = 10.0.40219.1
Project("{FAE04EC0-301F-11D3-BF4B-00C04F79EFBC}") = "FlightTrackerPoC", "FlightTrackerPoC\FlightTrackerPoC.csproj", "{0E760F6F-98D8-43D9-B212-59106CA0E688}"
EndProject
Global
	GlobalSection(SolutionConfigurationPlatforms) = preSolution
		Debug|Any CPU = Debug|Any CPU
		Release|Any CPU = Release|Any CPU
	EndGlobalSection
	GlobalSection(ProjectConfigurationPlatforms) = postSolution
		{0E760F6F-98D8-43D9-B212-59106CA0E688}.Debug|Any CPU.ActiveCfg = Debug|Any CPU
		{0E760F6F-98D8-43D9-B212-59106CA0E688}.Debug|Any CPU.Build.0 = Debug|Any CPU
		{0E760F6F-98D8-43D9-B212-59106CA0E688}.Release|Any CPU.ActiveCfg = Release|Any CPU
		{0E760F6F-98D8-43D9-B212-59106CA0E688}.Release|Any CPU.Build.0 = Release|Any CPU
	EndGlobalSection
	GlobalSection(SolutionProperties) = preSolution
		HideSolutionNode = FALSE
	EndGlobalSection
	GlobalSection(ExtensibilityGlobals) = postSolution
		SolutionGuid = {AE06B6F7-6BD1-4989-8680-737A20B7617B}
	EndGlobalSection
EndGlobal
